# This file was autogenerated by uv via the following command:
#    uv pip compile sagemaker_images/pytorch_chem/training/requirements.in --python-version 3.12 --python-platform x86_64-unknown-linux-gnu --index-strategy unsafe-best-match --no-cache -o sagemaker_images/pytorch_chem/training/requirements.lock
aimsim-core==2.2.3
    # via astartes
aiohappyeyeballs==2.6.2
    # via aiohttp
aiohttp==3.13.5
    # via fsspec
aiosignal==1.4.0
    # via aiohttp
astartes==1.3.3
    # via chemprop
attrs==26.1.0
    # via aiohttp
awswrangler==3.16.1
    # via -r sagemaker_images/pytorch_chem/training/requirements.in
boto3==1.43.18
    # via
    #   -r sagemaker_images/pytorch_chem/training/requirements.in
    #   awswrangler
botocore==1.43.18
    # via
    #   -r sagemaker_images/pytorch_chem/training/requirements.in
    #   awswrangler
    #   boto3
    #   s3transfer
certifi==2026.5.20
    # via requests
charset-normalizer==3.4.7
    # via requests
chemprop==2.2.3
    # via -r sagemaker_images/pytorch_chem/training/requirements.in
cloudpickle==3.1.2
    # via shap
configargparse==1.7.5
    # via chemprop
cuda-bindings==13.3.1
    # via torch
cuda-pathfinder==1.5.5
    # via cuda-bindings
cuda-toolkit==13.0.2
    # via torch
descriptastorus==2.8.0
    # via chemprop
dill==0.4.1
    # via multiprocess
filelock==3.29.0
    # via torch
frozenlist==1.8.0
    # via
    #   aiohttp
    #   aiosignal
fsspec==2026.4.0
    # via
    #   lightning
    #   pytorch-lightning
    #   torch
idna==3.17
    # via
    #   requests
    #   yarl
jinja2==3.1.6
    # via torch
jmespath==1.1.0
    # via
    #   boto3
    #   botocore
joblib==1.5.3
    # via
    #   -r sagemaker_images/pytorch_chem/training/requirements.in
    #   scikit-learn
lightning==2.6.5
    # via chemprop
lightning-utilities==0.15.3
    # via
    #   lightning
    #   pytorch-lightning
    #   torchmetrics
llvmlite==0.47.0
    # via
    #   numba
    #   shap
markdown-it-py==4.2.0
    # via rich
markupsafe==3.0.3
    # via jinja2
mdurl==0.1.2
    # via markdown-it-py
mhfp==1.9.6
    # via aimsim-core
mordredcommunity==2.0.7
    # via aimsim-core
mpmath==1.3.0
    # via sympy
multidict==6.7.1
    # via
    #   aiohttp
    #   yarl
multiprocess==0.70.19
    # via aimsim-core
networkx==3.6.1
    # via
    #   mordredcommunity
    #   torch
numba==0.65.1
    # via shap
numpy==2.4.6
    # via
    #   aimsim-core
    #   astartes
    #   awswrangler
    #   chemprop
    #   descriptastorus
    #   mordredcommunity
    #   numba
    #   pandas
    #   rdkit
    #   scikit-learn
    #   scipy
    #   shap
    #   torchmetrics
    #   xarray
nvidia-cublas==13.1.1.3
    # via
    #   nvidia-cudnn-cu13
    #   nvidia-cusolver
    #   torch
nvidia-cuda-cupti==13.0.85
    # via cuda-toolkit
nvidia-cuda-nvrtc==13.0.88
    # via
    #   cuda-toolkit
    #   nvidia-cublas
nvidia-cuda-runtime==13.0.96
    # via cuda-toolkit
nvidia-cudnn-cu13==9.20.0.48
    # via torch
nvidia-cufft==12.0.0.61
    # via cuda-toolkit
nvidia-cufile==1.15.1.6
    # via cuda-toolkit
nvidia-curand==10.4.0.35
    # via cuda-toolkit
nvidia-cusolver==12.0.4.66
    # via cuda-toolkit
nvidia-cusparse==12.6.3.3
    # via
    #   cuda-toolkit
    #   nvidia-cusolver
nvidia-cusparselt-cu13==0.8.1
    # via torch
nvidia-nccl-cu13==2.29.7
    # via torch
nvidia-nvjitlink==13.0.88
    # via
    #   cuda-toolkit
    #   nvidia-cufft
    #   nvidia-cusolver
    #   nvidia-cusparse
nvidia-nvshmem-cu13==3.4.5
    # via torch
nvidia-nvtx==13.0.85
    # via cuda-toolkit
packaging==26.2
    # via
    #   awswrangler
    #   lightning
    #   lightning-utilities
    #   mordredcommunity
    #   pytorch-lightning
    #   shap
    #   torchmetrics
    #   xarray
padelpy==0.1.16
    # via aimsim-core
pandas==2.3.3
    # via
    #   -r sagemaker_images/pytorch_chem/training/requirements.in
    #   aimsim-core
    #   astartes
    #   awswrangler
    #   chemprop
    #   pandas-flavor
    #   shap
    #   xarray
pandas-flavor==0.8.1
    # via descriptastorus
pillow==12.2.0
    # via rdkit
propcache==0.5.2
    # via
    #   aiohttp
    #   yarl
psutil==7.2.2
    # via aimsim-core
pyarrow==24.0.0
    # via awswrangler
pygments==2.20.0
    # via rich
python-dateutil==2.9.0.post0
    # via
    #   botocore
    #   pandas
pytorch-lightning==2.6.5
    # via lightning
pytz==2026.2
    # via pandas
pyyaml==6.0.3
    # via
    #   lightning
    #   pytorch-lightning
rdkit==2026.3.2
    # via
    #   -r sagemaker_images/pytorch_chem/training/requirements.in
    #   aimsim-core
    #   chemprop
    #   descriptastorus
    #   mordredcommunity
requests==2.34.2
    # via -r sagemaker_images/pytorch_chem/training/requirements.in
rich==15.0.0
    # via chemprop
s3transfer==0.18.0
    # via boto3
scikit-learn==1.8.0
    # via
    #   -r sagemaker_images/pytorch_chem/training/requirements.in
    #   aimsim-core
    #   astartes
    #   chemprop
    #   shap
scipy==1.17.1
    # via
    #   astartes
    #   chemprop
    #   descriptastorus
    #   scikit-learn
    #   shap
setuptools==81.0.0
    # via
    #   awswrangler
    #   torch
shap==0.52.0
    # via -r sagemaker_images/pytorch_chem/training/requirements.in
six==1.17.0
    # via
    #   mordredcommunity
    #   python-dateutil
slicer==0.0.8
    # via shap
sympy==1.14.0
    # via torch
tabulate==0.10.0
    # via astartes
threadpoolctl==3.6.0
    # via scikit-learn
torch==2.12.0+cu130
    # via
    #   -r sagemaker_images/pytorch_chem/training/requirements.in
    #   chemprop
    #   lightning
    #   pytorch-lightning
    #   torchmetrics
torchmetrics==1.9.0
    # via
    #   lightning
    #   pytorch-lightning
tqdm==4.67.3
    # via
    #   lightning
    #   pytorch-lightning
    #   shap
triton==3.7.0
    # via torch
typing-extensions==4.15.0
    # via
    #   aiosignal
    #   awswrangler
    #   lightning
    #   lightning-utilities
    #   pytorch-lightning
    #   torch
tzdata==2026.2
    # via pandas
urllib3==2.7.0
    # via
    #   botocore
    #   requests
xarray==2026.4.0
    # via pandas-flavor
yarl==1.24.2
    # via aiohttp
