# This file was autogenerated by uv via the following command:
#    uv pip compile sagemaker_images/pytorch_chem/inference/requirements.in --python-version 3.12 --python-platform x86_64-unknown-linux-gnu --index-strategy unsafe-best-match --no-cache -o sagemaker_images/pytorch_chem/inference/requirements.lock
aimsim-core==2.2.3
    # via astartes
aiohappyeyeballs==2.6.2
    # via aiohttp
aiohttp==3.13.5
    # via fsspec
aiosignal==1.4.0
    # via aiohttp
annotated-doc==0.0.4
    # via fastapi
annotated-types==0.7.0
    # via pydantic
anyio==4.13.0
    # via starlette
astartes==1.3.3
    # via chemprop
attrs==26.1.0
    # via aiohttp
awswrangler==3.16.1
    # via -r sagemaker_images/pytorch_chem/inference/requirements.in
boto3==1.43.18
    # via
    #   -r sagemaker_images/pytorch_chem/inference/requirements.in
    #   awswrangler
botocore==1.43.18
    # via
    #   -r sagemaker_images/pytorch_chem/inference/requirements.in
    #   awswrangler
    #   boto3
    #   s3transfer
certifi==2026.5.20
    # via requests
charset-normalizer==3.4.7
    # via requests
chemprop==2.2.3
    # via -r sagemaker_images/pytorch_chem/inference/requirements.in
click==8.4.1
    # via uvicorn
configargparse==1.7.5
    # via chemprop
descriptastorus==2.8.0
    # via chemprop
dill==0.4.1
    # via multiprocess
fastapi==0.136.3
    # via -r sagemaker_images/pytorch_chem/inference/requirements.in
filelock==3.29.0
    # via torch
frozenlist==1.8.0
    # via
    #   aiohttp
    #   aiosignal
fsspec==2026.4.0
    # via
    #   lightning
    #   pytorch-lightning
    #   torch
h11==0.16.0
    # via uvicorn
idna==3.17
    # via
    #   anyio
    #   requests
    #   yarl
jinja2==3.1.6
    # via torch
jmespath==1.1.0
    # via
    #   boto3
    #   botocore
joblib==1.5.3
    # via
    #   -r sagemaker_images/pytorch_chem/inference/requirements.in
    #   scikit-learn
lightning==2.6.5
    # via chemprop
lightning-utilities==0.15.3
    # via
    #   lightning
    #   pytorch-lightning
    #   torchmetrics
markdown-it-py==4.2.0
    # via rich
markupsafe==3.0.3
    # via jinja2
mdurl==0.1.2
    # via markdown-it-py
mhfp==1.9.6
    # via aimsim-core
mordredcommunity==2.0.7
    # via aimsim-core
mpmath==1.3.0
    # via sympy
multidict==6.7.1
    # via
    #   aiohttp
    #   yarl
multiprocess==0.70.19
    # via aimsim-core
networkx==3.6.1
    # via
    #   mordredcommunity
    #   torch
numpy==2.4.6
    # via
    #   aimsim-core
    #   astartes
    #   awswrangler
    #   chemprop
    #   descriptastorus
    #   mordredcommunity
    #   pandas
    #   rdkit
    #   scikit-learn
    #   scipy
    #   torchmetrics
    #   xarray
packaging==26.2
    # via
    #   awswrangler
    #   lightning
    #   lightning-utilities
    #   mordredcommunity
    #   pytorch-lightning
    #   torchmetrics
    #   xarray
padelpy==0.1.16
    # via aimsim-core
pandas==2.3.3
    # via
    #   -r sagemaker_images/pytorch_chem/inference/requirements.in
    #   aimsim-core
    #   astartes
    #   awswrangler
    #   chemprop
    #   pandas-flavor
    #   xarray
pandas-flavor==0.8.1
    # via descriptastorus
pillow==12.2.0
    # via rdkit
propcache==0.5.2
    # via
    #   aiohttp
    #   yarl
psutil==7.2.2
    # via aimsim-core
pyarrow==24.0.0
    # via awswrangler
pydantic==2.13.4
    # via fastapi
pydantic-core==2.46.4
    # via pydantic
pygments==2.20.0
    # via rich
python-dateutil==2.9.0.post0
    # via
    #   botocore
    #   pandas
pytorch-lightning==2.6.5
    # via lightning
pytz==2026.2
    # via pandas
pyyaml==6.0.3
    # via
    #   lightning
    #   pytorch-lightning
rdkit==2026.3.2
    # via
    #   -r sagemaker_images/pytorch_chem/inference/requirements.in
    #   aimsim-core
    #   chemprop
    #   descriptastorus
    #   mordredcommunity
requests==2.34.2
    # via -r sagemaker_images/pytorch_chem/inference/requirements.in
rich==15.0.0
    # via chemprop
s3transfer==0.18.0
    # via boto3
scikit-learn==1.8.0
    # via
    #   -r sagemaker_images/pytorch_chem/inference/requirements.in
    #   aimsim-core
    #   astartes
    #   chemprop
scipy==1.17.1
    # via
    #   astartes
    #   chemprop
    #   descriptastorus
    #   scikit-learn
setuptools==81.0.0
    # via
    #   awswrangler
    #   torch
six==1.17.0
    # via
    #   mordredcommunity
    #   python-dateutil
starlette==1.2.0
    # via fastapi
sympy==1.14.0
    # via torch
tabulate==0.10.0
    # via astartes
threadpoolctl==3.6.0
    # via scikit-learn
torch==2.12.0+cpu
    # via
    #   -r sagemaker_images/pytorch_chem/inference/requirements.in
    #   chemprop
    #   lightning
    #   pytorch-lightning
    #   torchmetrics
torchmetrics==1.9.0
    # via
    #   lightning
    #   pytorch-lightning
tqdm==4.67.3
    # via
    #   lightning
    #   pytorch-lightning
typing-extensions==4.15.0
    # via
    #   aiosignal
    #   anyio
    #   awswrangler
    #   fastapi
    #   lightning
    #   lightning-utilities
    #   pydantic
    #   pydantic-core
    #   pytorch-lightning
    #   starlette
    #   torch
    #   typing-inspection
typing-inspection==0.4.2
    # via
    #   fastapi
    #   pydantic
tzdata==2026.2
    # via pandas
urllib3==2.7.0
    # via
    #   botocore
    #   requests
uvicorn==0.48.0
    # via -r sagemaker_images/pytorch_chem/inference/requirements.in
xarray==2026.4.0
    # via pandas-flavor
yarl==1.24.2
    # via aiohttp
