# This file was autogenerated by uv via the following command:
#    uv pip compile sagemaker_images/pytorch_chem/inference/requirements.in --python-version 3.12 --python-platform x86_64-unknown-linux-gnu --index-strategy unsafe-best-match -c ci/.uv-constraints.txt -o sagemaker_images/pytorch_chem/inference/requirements.lock
aimsim-core==2.2.3
    # via
    #   -c ci/.uv-constraints.txt
    #   astartes
aiohappyeyeballs==2.6.2
    # via
    #   -c ci/.uv-constraints.txt
    #   aiohttp
aiohttp==3.14.3
    # via
    #   -c ci/.uv-constraints.txt
    #   fsspec
    #   torch-geometric
aiosignal==1.4.0
    # via
    #   -c ci/.uv-constraints.txt
    #   aiohttp
annotated-doc==0.0.4
    # via
    #   -c ci/.uv-constraints.txt
    #   fastapi
annotated-types==0.7.0
    # via
    #   -c ci/.uv-constraints.txt
    #   pydantic
anyio==4.15.1
    # via
    #   -c ci/.uv-constraints.txt
    #   httpx2
    #   starlette
astartes==1.3.3
    # via
    #   -c ci/.uv-constraints.txt
    #   chemprop
attrs==26.1.0
    # via
    #   -c ci/.uv-constraints.txt
    #   aiohttp
awswrangler==3.16.1
    # via
    #   -c ci/.uv-constraints.txt
    #   -r sagemaker_images/pytorch_chem/inference/requirements.in
boto3==1.43.0
    # via
    #   -c ci/.uv-constraints.txt
    #   -r sagemaker_images/pytorch_chem/inference/requirements.in
    #   awswrangler
botocore==1.43.0
    # via
    #   -c ci/.uv-constraints.txt
    #   -r sagemaker_images/pytorch_chem/inference/requirements.in
    #   awswrangler
    #   boto3
    #   s3transfer
certifi==2026.5.20
    # via
    #   -c ci/.uv-constraints.txt
    #   requests
charset-normalizer==3.4.7
    # via
    #   -c ci/.uv-constraints.txt
    #   requests
chemprop==2.3.0
    # via
    #   -c ci/.uv-constraints.txt
    #   -r sagemaker_images/pytorch_chem/inference/requirements.in
click==8.5.0
    # via
    #   -c ci/.uv-constraints.txt
    #   huggingface-hub
    #   uvicorn
configargparse==1.7.5
    # via
    #   -c ci/.uv-constraints.txt
    #   chemprop
cuik-molmaker-pin==2026.3.4
    # via
    #   -c ci/.uv-constraints.txt
    #   chemprop
descriptastorus==2.8.0
    # via
    #   -c ci/.uv-constraints.txt
    #   chemprop
dill==0.4.1
    # via
    #   -c ci/.uv-constraints.txt
    #   multiprocess
einops==0.8.2
    # via
    #   -c ci/.uv-constraints.txt
    #   tabicl
fastapi==0.136.3
    # via
    #   -c ci/.uv-constraints.txt
    #   -r sagemaker_images/pytorch_chem/inference/requirements.in
filelock==3.29.3
    # via
    #   -c ci/.uv-constraints.txt
    #   huggingface-hub
    #   torch
frozenlist==1.8.0
    # via
    #   -c ci/.uv-constraints.txt
    #   aiohttp
    #   aiosignal
fsspec==2026.4.0
    # via
    #   -c ci/.uv-constraints.txt
    #   huggingface-hub
    #   lightning
    #   pytorch-lightning
    #   torch
    #   torch-geometric
h11==0.16.0
    # via
    #   -c ci/.uv-constraints.txt
    #   httpcore2
    #   uvicorn
hf-xet==1.6.0
    # via
    #   -c ci/.uv-constraints.txt
    #   huggingface-hub
httpcore2==2.13.1
    # via
    #   -c ci/.uv-constraints.txt
    #   httpx2
httpx2==2.13.1
    # via
    #   -c ci/.uv-constraints.txt
    #   huggingface-hub
huggingface-hub==2.1.1
    # via
    #   -c ci/.uv-constraints.txt
    #   tabicl
idna==3.18
    # via
    #   -c ci/.uv-constraints.txt
    #   anyio
    #   httpx2
    #   requests
    #   yarl
jinja2==3.1.6
    # via
    #   -c ci/.uv-constraints.txt
    #   torch
    #   torch-geometric
jmespath==1.1.0
    # via
    #   -c ci/.uv-constraints.txt
    #   boto3
    #   botocore
joblib==1.5.3
    # via
    #   -c ci/.uv-constraints.txt
    #   -r sagemaker_images/pytorch_chem/inference/requirements.in
    #   scikit-learn
lightning==2.6.6
    # via
    #   -c ci/.uv-constraints.txt
    #   chemprop
lightning-utilities==0.15.3
    # via
    #   -c ci/.uv-constraints.txt
    #   lightning
    #   pytorch-lightning
    #   torchmetrics
markdown-it-py==4.2.0
    # via
    #   -c ci/.uv-constraints.txt
    #   rich
markupsafe==3.0.3
    # via
    #   -c ci/.uv-constraints.txt
    #   jinja2
mdurl==0.1.2
    # via
    #   -c ci/.uv-constraints.txt
    #   markdown-it-py
mhfp==1.9.6
    # via
    #   -c ci/.uv-constraints.txt
    #   aimsim-core
mordredcommunity==2.0.7
    # via
    #   -c ci/.uv-constraints.txt
    #   aimsim-core
mpmath==1.3.0
    # via
    #   -c ci/.uv-constraints.txt
    #   sympy
multidict==6.7.1
    # via
    #   -c ci/.uv-constraints.txt
    #   aiohttp
    #   yarl
multiprocess==0.70.19
    # via
    #   -c ci/.uv-constraints.txt
    #   aimsim-core
myerson==1.0.1
    # via
    #   -c ci/.uv-constraints.txt
    #   chemprop
narwhals==2.22.1
    # via
    #   -c ci/.uv-constraints.txt
    #   scikit-learn
networkx==3.6.1
    # via
    #   -c ci/.uv-constraints.txt
    #   mordredcommunity
    #   myerson
    #   torch
numpy==2.4.6
    # via
    #   -c ci/.uv-constraints.txt
    #   aimsim-core
    #   astartes
    #   awswrangler
    #   chemprop
    #   descriptastorus
    #   mordredcommunity
    #   myerson
    #   pandas
    #   rdkit
    #   scikit-learn
    #   scipy
    #   tabicl
    #   torch-geometric
    #   torchmetrics
    #   xarray
packaging==26.2
    # via
    #   -c ci/.uv-constraints.txt
    #   awswrangler
    #   huggingface-hub
    #   lightning
    #   lightning-utilities
    #   mordredcommunity
    #   pytorch-lightning
    #   torchmetrics
    #   xarray
padelpy==0.1.17
    # via
    #   -c ci/.uv-constraints.txt
    #   aimsim-core
pandas==2.3.3
    # via
    #   -c ci/.uv-constraints.txt
    #   -r sagemaker_images/pytorch_chem/inference/requirements.in
    #   aimsim-core
    #   astartes
    #   awswrangler
    #   chemprop
    #   cuik-molmaker-pin
    #   pandas-flavor
    #   xarray
pandas-flavor==0.8.1
    # via
    #   -c ci/.uv-constraints.txt
    #   descriptastorus
pillow==12.3.0
    # via
    #   -c ci/.uv-constraints.txt
    #   rdkit
propcache==0.5.2
    # via
    #   -c ci/.uv-constraints.txt
    #   aiohttp
    #   yarl
psutil==7.2.2
    # via
    #   -c ci/.uv-constraints.txt
    #   aimsim-core
    #   tabicl
    #   torch-geometric
pyarrow==24.0.0
    # via
    #   -c ci/.uv-constraints.txt
    #   awswrangler
pydantic==2.13.4
    # via
    #   -c ci/.uv-constraints.txt
    #   fastapi
pydantic-core==2.46.4
    # via
    #   -c ci/.uv-constraints.txt
    #   pydantic
pygments==2.20.0
    # via
    #   -c ci/.uv-constraints.txt
    #   rich
pyparsing==3.3.2
    # via
    #   -c ci/.uv-constraints.txt
    #   torch-geometric
python-dateutil==2.9.0.post0
    # via
    #   -c ci/.uv-constraints.txt
    #   botocore
    #   pandas
pytorch-lightning==2.6.5
    # via
    #   -c ci/.uv-constraints.txt
    #   lightning
pytz==2026.2
    # via
    #   -c ci/.uv-constraints.txt
    #   pandas
pyyaml==6.0.3
    # via
    #   -c ci/.uv-constraints.txt
    #   huggingface-hub
    #   lightning
    #   pytorch-lightning
rdkit==2026.3.4
    # via
    #   -c ci/.uv-constraints.txt
    #   -r sagemaker_images/pytorch_chem/inference/requirements.in
    #   aimsim-core
    #   chemprop
    #   cuik-molmaker-pin
    #   descriptastorus
    #   mordredcommunity
requests==2.34.2
    # via
    #   -c ci/.uv-constraints.txt
    #   -r sagemaker_images/pytorch_chem/inference/requirements.in
    #   torch-geometric
rich==14.3.4
    # via
    #   -c ci/.uv-constraints.txt
    #   chemprop
s3transfer==0.17.1
    # via
    #   -c ci/.uv-constraints.txt
    #   boto3
scikit-learn==1.9.0
    # via
    #   -c ci/.uv-constraints.txt
    #   -r sagemaker_images/pytorch_chem/inference/requirements.in
    #   aimsim-core
    #   astartes
    #   chemprop
    #   tabicl
scipy==1.17.1
    # via
    #   -c ci/.uv-constraints.txt
    #   astartes
    #   chemprop
    #   cuik-molmaker-pin
    #   descriptastorus
    #   scikit-learn
    #   tabicl
setuptools==83.0.0
    # via
    #   -c ci/.uv-constraints.txt
    #   awswrangler
    #   torch
six==1.17.0
    # via
    #   -c ci/.uv-constraints.txt
    #   mordredcommunity
    #   python-dateutil
starlette==1.3.1
    # via
    #   -c ci/.uv-constraints.txt
    #   fastapi
sympy==1.14.0
    # via
    #   -c ci/.uv-constraints.txt
    #   torch
tabicl==2.2.0
    # via
    #   -c ci/.uv-constraints.txt
    #   -r sagemaker_images/pytorch_chem/inference/requirements.in
tabulate==0.10.0
    # via
    #   -c ci/.uv-constraints.txt
    #   astartes
threadpoolctl==3.6.0
    # via
    #   -c ci/.uv-constraints.txt
    #   scikit-learn
torch==2.13.0+cpu
    # via
    #   -c (workspace)
    #   -r sagemaker_images/pytorch_chem/inference/requirements.in
    #   chemprop
    #   lightning
    #   pytorch-lightning
    #   tabicl
    #   torchmetrics
torch-geometric==2.8.0.post1
    # via -r sagemaker_images/pytorch_chem/inference/requirements.in
torchmetrics==1.9.0
    # via
    #   -c ci/.uv-constraints.txt
    #   lightning
    #   pytorch-lightning
tqdm==4.68.2
    # via
    #   -c ci/.uv-constraints.txt
    #   huggingface-hub
    #   lightning
    #   myerson
    #   pytorch-lightning
    #   tabicl
    #   torch-geometric
truststore==0.10.4
    # via
    #   -c ci/.uv-constraints.txt
    #   httpcore2
    #   httpx2
typing-extensions==4.16.0
    # via
    #   -c ci/.uv-constraints.txt
    #   aiohttp
    #   aiosignal
    #   anyio
    #   awswrangler
    #   fastapi
    #   httpx2
    #   huggingface-hub
    #   lightning
    #   lightning-utilities
    #   pydantic
    #   pydantic-core
    #   pytorch-lightning
    #   starlette
    #   torch
    #   typing-inspection
typing-inspection==0.4.2
    # via
    #   -c ci/.uv-constraints.txt
    #   fastapi
    #   pydantic
tzdata==2026.2
    # via
    #   -c ci/.uv-constraints.txt
    #   pandas
urllib3==2.8.0
    # via
    #   -c ci/.uv-constraints.txt
    #   botocore
    #   requests
uvicorn==0.49.0
    # via
    #   -c ci/.uv-constraints.txt
    #   -r sagemaker_images/pytorch_chem/inference/requirements.in
xarray==2026.7.0
    # via
    #   -c ci/.uv-constraints.txt
    #   pandas-flavor
xxhash==4.0.1
    # via torch-geometric
yarl==1.24.2
    # via
    #   -c ci/.uv-constraints.txt
    #   aiohttp
