# This file was autogenerated by uv via the following command:
#    uv pip compile sagemaker_images/base/training/requirements.in --python-version 3.12 --python-platform x86_64-unknown-linux-gnu -c ci/.uv-constraints.txt -o sagemaker_images/base/training/requirements.lock
awswrangler==3.16.1
    # via
    #   -c ci/.uv-constraints.txt
    #   -r sagemaker_images/base/training/requirements.in
boto3==1.43.0
    # via
    #   -c ci/.uv-constraints.txt
    #   -r sagemaker_images/base/training/requirements.in
    #   awswrangler
botocore==1.43.0
    # via
    #   -c ci/.uv-constraints.txt
    #   -r sagemaker_images/base/training/requirements.in
    #   awswrangler
    #   boto3
    #   s3transfer
certifi==2026.5.20
    # via
    #   -c ci/.uv-constraints.txt
    #   requests
charset-normalizer==3.4.7
    # via
    #   -c ci/.uv-constraints.txt
    #   requests
idna==3.18
    # via
    #   -c ci/.uv-constraints.txt
    #   requests
jmespath==1.1.0
    # via
    #   -c ci/.uv-constraints.txt
    #   boto3
    #   botocore
joblib==1.5.3
    # via
    #   -c ci/.uv-constraints.txt
    #   -r sagemaker_images/base/training/requirements.in
    #   scikit-learn
mordredcommunity==2.0.7
    # via
    #   -c ci/.uv-constraints.txt
    #   -r sagemaker_images/base/training/requirements.in
narwhals==2.22.1
    # via
    #   -c ci/.uv-constraints.txt
    #   scikit-learn
networkx==3.6.1
    # via
    #   -c ci/.uv-constraints.txt
    #   mordredcommunity
numpy==2.4.6
    # via
    #   -c ci/.uv-constraints.txt
    #   awswrangler
    #   mordredcommunity
    #   pandas
    #   rdkit
    #   scikit-learn
    #   scipy
    #   xgboost-cpu
packaging==26.2
    # via
    #   -c ci/.uv-constraints.txt
    #   awswrangler
    #   mordredcommunity
pandas==2.3.3
    # via
    #   -c ci/.uv-constraints.txt
    #   -r sagemaker_images/base/training/requirements.in
    #   awswrangler
pillow==12.2.0
    # via
    #   -c ci/.uv-constraints.txt
    #   rdkit
pyarrow==24.0.0
    # via
    #   -c ci/.uv-constraints.txt
    #   awswrangler
python-dateutil==2.9.0.post0
    # via
    #   -c ci/.uv-constraints.txt
    #   botocore
    #   pandas
pytz==2026.2
    # via
    #   -c ci/.uv-constraints.txt
    #   pandas
rdkit==2026.3.3
    # via
    #   -c ci/.uv-constraints.txt
    #   -r sagemaker_images/base/training/requirements.in
    #   mordredcommunity
requests==2.34.2
    # via
    #   -c ci/.uv-constraints.txt
    #   -r sagemaker_images/base/training/requirements.in
s3transfer==0.17.1
    # via
    #   -c ci/.uv-constraints.txt
    #   boto3
scikit-learn==1.9.0
    # via
    #   -c ci/.uv-constraints.txt
    #   -r sagemaker_images/base/training/requirements.in
scipy==1.17.1
    # via
    #   -c ci/.uv-constraints.txt
    #   scikit-learn
    #   xgboost-cpu
setuptools==81.0.0
    # via
    #   -c ci/.uv-constraints.txt
    #   awswrangler
six==1.17.0
    # via
    #   -c ci/.uv-constraints.txt
    #   mordredcommunity
    #   python-dateutil
threadpoolctl==3.6.0
    # via
    #   -c ci/.uv-constraints.txt
    #   scikit-learn
typing-extensions==4.15.0
    # via
    #   -c ci/.uv-constraints.txt
    #   awswrangler
tzdata==2026.2
    # via
    #   -c ci/.uv-constraints.txt
    #   pandas
urllib3==2.7.0
    # via
    #   -c ci/.uv-constraints.txt
    #   botocore
    #   requests
xgboost-cpu==3.2.0
    # via -r sagemaker_images/base/training/requirements.in
