# This file was autogenerated by uv via the following command:
#    uv pip compile sagemaker_images/base/inference/requirements.in --python-version 3.12 --python-platform x86_64-unknown-linux-gnu --no-cache -o sagemaker_images/base/inference/requirements.lock
annotated-doc==0.0.4
    # via fastapi
annotated-types==0.7.0
    # via pydantic
anyio==4.13.0
    # via starlette
awswrangler==3.16.1
    # via -r sagemaker_images/base/inference/requirements.in
boto3==1.43.17
    # via
    #   -r sagemaker_images/base/inference/requirements.in
    #   awswrangler
botocore==1.43.17
    # via
    #   -r sagemaker_images/base/inference/requirements.in
    #   awswrangler
    #   boto3
    #   s3transfer
certifi==2026.5.20
    # via requests
charset-normalizer==3.4.7
    # via requests
click==8.4.1
    # via uvicorn
fastapi==0.136.3
    # via -r sagemaker_images/base/inference/requirements.in
h11==0.16.0
    # via uvicorn
idna==3.17
    # via
    #   anyio
    #   requests
jmespath==1.1.0
    # via
    #   boto3
    #   botocore
joblib==1.5.3
    # via
    #   -r sagemaker_images/base/inference/requirements.in
    #   scikit-learn
mordredcommunity==2.0.7
    # via -r sagemaker_images/base/inference/requirements.in
networkx==3.6.1
    # via mordredcommunity
numpy==2.4.6
    # via
    #   awswrangler
    #   mordredcommunity
    #   pandas
    #   rdkit
    #   scikit-learn
    #   scipy
    #   xgboost-cpu
packaging==26.2
    # via
    #   awswrangler
    #   mordredcommunity
pandas==2.3.3
    # via
    #   -r sagemaker_images/base/inference/requirements.in
    #   awswrangler
pillow==12.2.0
    # via rdkit
pyarrow==24.0.0
    # via awswrangler
pydantic==2.13.4
    # via fastapi
pydantic-core==2.46.4
    # via pydantic
python-dateutil==2.9.0.post0
    # via
    #   botocore
    #   pandas
pytz==2026.2
    # via pandas
rdkit==2026.3.2
    # via
    #   -r sagemaker_images/base/inference/requirements.in
    #   mordredcommunity
requests==2.34.2
    # via -r sagemaker_images/base/inference/requirements.in
s3transfer==0.18.0
    # via boto3
scikit-learn==1.8.0
    # via -r sagemaker_images/base/inference/requirements.in
scipy==1.17.1
    # via
    #   scikit-learn
    #   xgboost-cpu
setuptools==82.0.1
    # via awswrangler
six==1.17.0
    # via
    #   mordredcommunity
    #   python-dateutil
starlette==1.2.0
    # via fastapi
threadpoolctl==3.6.0
    # via scikit-learn
typing-extensions==4.15.0
    # via
    #   anyio
    #   awswrangler
    #   fastapi
    #   pydantic
    #   pydantic-core
    #   starlette
    #   typing-inspection
typing-inspection==0.4.2
    # via
    #   fastapi
    #   pydantic
tzdata==2026.2
    # via pandas
urllib3==2.7.0
    # via
    #   botocore
    #   requests
uvicorn==0.48.0
    # via -r sagemaker_images/base/inference/requirements.in
xgboost-cpu==3.2.0
    # via -r sagemaker_images/base/inference/requirements.in
